
Microsoft Visual Studio Solution File, Format Version 12.00
# Visual Studio 14
VisualStudioVersion = 14.0.25420.1
MinimumVisualStudioVersion = 10.0.40219.1
Project("{FAE04EC0-301F-11D3-BF4B-00C04F79EFBC}") = "VectorTileReader", "src\VectorTileReader\VectorTileReader.csproj", "{4656B308-1492-4A22-A73E-06BF6AA858F2}"
EndProject
Project("{FAE04EC0-301F-11D3-BF4B-00C04F79EFBC}") = "PbfReader", "src\PbfReader\PbfReader.csproj", "{4BCE42EE-C33F-4FA4-BFDD-86F3D45C647C}"
EndProject
Project("{FAE04EC0-301F-11D3-BF4B-00C04F79EFBC}") = "DemoConsoleApp", "src\DemoConsoleApp\DemoConsoleApp.csproj", "{D01BA6CB-9A2B-4AA5-95E1-085D9B569309}"
EndProject
Project("{FAE04EC0-301F-11D3-BF4B-00C04F79EFBC}") = "Geometry", "src\Geometry\Geometry.csproj", "{F0967389-29C8-4D50-B397-9BB698F13ED6}"
EndProject
Project("{FAE04EC0-301F-11D3-BF4B-00C04F79EFBC}") = "VectorTiles.Tests", "src\VectorTiles.Tests\VectorTiles.Tests.csproj", "{067456C0-086C-46A8-B37F-1405717B7BFC}"
EndProject
Project("{FAE04EC0-301F-11D3-BF4B-00C04F79EFBC}") = "Bench", "src\Bench\Bench.csproj", "{5FA56C72-348A-4B52-980C-EA8287E66422}"
EndProject
Project("{FAE04EC0-301F-11D3-BF4B-00C04F79EFBC}") = "ExtensionMethods", "src\ExtensionMethods\ExtensionMethods.csproj", "{55503403-0083-4ED8-B618-F8377610B225}"
EndProject
Project("{FAE04EC0-301F-11D3-BF4B-00C04F79EFBC}") = "VerifyNetFrameworkVersion", "src\VerifyNetFrameworkVersion\VerifyNetFrameworkVersion.csproj", "{1717CD14-720F-4373-81E1-3505FCB2CF03}"
EndProject
Global
	GlobalSection(SolutionConfigurationPlatforms) = preSolution
		Debug|Any CPU = Debug|Any CPU
		Net20Debug|Any CPU = Net20Debug|Any CPU
		Net35Debug|Any CPU = Net35Debug|Any CPU
		Net462Debug|Any CPU = Net462Debug|Any CPU
		Release|Any CPU = Release|Any CPU
	EndGlobalSection
	GlobalSection(ProjectConfigurationPlatforms) = postSolution
		{4656B308-1492-4A22-A73E-06BF6AA858F2}.Debug|Any CPU.ActiveCfg = Debug|Any CPU
		{4656B308-1492-4A22-A73E-06BF6AA858F2}.Debug|Any CPU.Build.0 = Debug|Any CPU
		{4656B308-1492-4A22-A73E-06BF6AA858F2}.Net20Debug|Any CPU.ActiveCfg = Net20Debug|Any CPU
		{4656B308-1492-4A22-A73E-06BF6AA858F2}.Net20Debug|Any CPU.Build.0 = Net20Debug|Any CPU
		{4656B308-1492-4A22-A73E-06BF6AA858F2}.Net35Debug|Any CPU.ActiveCfg = Net35Debug|Any CPU
		{4656B308-1492-4A22-A73E-06BF6AA858F2}.Net35Debug|Any CPU.Build.0 = Net35Debug|Any CPU
		{4656B308-1492-4A22-A73E-06BF6AA858F2}.Net462Debug|Any CPU.ActiveCfg = Net462Debug|Any CPU
		{4656B308-1492-4A22-A73E-06BF6AA858F2}.Net462Debug|Any CPU.Build.0 = Net462Debug|Any CPU
		{4656B308-1492-4A22-A73E-06BF6AA858F2}.Release|Any CPU.ActiveCfg = Release|Any CPU
		{4656B308-1492-4A22-A73E-06BF6AA858F2}.Release|Any CPU.Build.0 = Release|Any CPU
		{4BCE42EE-C33F-4FA4-BFDD-86F3D45C647C}.Debug|Any CPU.ActiveCfg = Debug|Any CPU
		{4BCE42EE-C33F-4FA4-BFDD-86F3D45C647C}.Debug|Any CPU.Build.0 = Debug|Any CPU
		{4BCE42EE-C33F-4FA4-BFDD-86F3D45C647C}.Net20Debug|Any CPU.ActiveCfg = Net20Debug|Any CPU
		{4BCE42EE-C33F-4FA4-BFDD-86F3D45C647C}.Net20Debug|Any CPU.Build.0 = Net20Debug|Any CPU
		{4BCE42EE-C33F-4FA4-BFDD-86F3D45C647C}.Net35Debug|Any CPU.ActiveCfg = Net35Debug|Any CPU
		{4BCE42EE-C33F-4FA4-BFDD-86F3D45C647C}.Net35Debug|Any CPU.Build.0 = Net35Debug|Any CPU
		{4BCE42EE-C33F-4FA4-BFDD-86F3D45C647C}.Net462Debug|Any CPU.ActiveCfg = Net462Debug|Any CPU
		{4BCE42EE-C33F-4FA4-BFDD-86F3D45C647C}.Net462Debug|Any CPU.Build.0 = Net462Debug|Any CPU
		{4BCE42EE-C33F-4FA4-BFDD-86F3D45C647C}.Release|Any CPU.ActiveCfg = Release|Any CPU
		{4BCE42EE-C33F-4FA4-BFDD-86F3D45C647C}.Release|Any CPU.Build.0 = Release|Any CPU
		{D01BA6CB-9A2B-4AA5-95E1-085D9B569309}.Debug|Any CPU.ActiveCfg = Debug|Any CPU
		{D01BA6CB-9A2B-4AA5-95E1-085D9B569309}.Debug|Any CPU.Build.0 = Debug|Any CPU
		{D01BA6CB-9A2B-4AA5-95E1-085D9B569309}.Net20Debug|Any CPU.ActiveCfg = Net20Debug|Any CPU
		{D01BA6CB-9A2B-4AA5-95E1-085D9B569309}.Net20Debug|Any CPU.Build.0 = Net20Debug|Any CPU
		{D01BA6CB-9A2B-4AA5-95E1-085D9B569309}.Net35Debug|Any CPU.ActiveCfg = Net35Debug|Any CPU
		{D01BA6CB-9A2B-4AA5-95E1-085D9B569309}.Net35Debug|Any CPU.Build.0 = Net35Debug|Any CPU
		{D01BA6CB-9A2B-4AA5-95E1-085D9B569309}.Net462Debug|Any CPU.ActiveCfg = Net462Debug|Any CPU
		{D01BA6CB-9A2B-4AA5-95E1-085D9B569309}.Net462Debug|Any CPU.Build.0 = Net462Debug|Any CPU
		{D01BA6CB-9A2B-4AA5-95E1-085D9B569309}.Release|Any CPU.ActiveCfg = Release|Any CPU
		{D01BA6CB-9A2B-4AA5-95E1-085D9B569309}.Release|Any CPU.Build.0 = Release|Any CPU
		{F0967389-29C8-4D50-B397-9BB698F13ED6}.Debug|Any CPU.ActiveCfg = Debug|Any CPU
		{F0967389-29C8-4D50-B397-9BB698F13ED6}.Debug|Any CPU.Build.0 = Debug|Any CPU
		{F0967389-29C8-4D50-B397-9BB698F13ED6}.Net20Debug|Any CPU.ActiveCfg = Net20Debug|Any CPU
		{F0967389-29C8-4D50-B397-9BB698F13ED6}.Net20Debug|Any CPU.Build.0 = Net20Debug|Any CPU
		{F0967389-29C8-4D50-B397-9BB698F13ED6}.Net35Debug|Any CPU.ActiveCfg = Net35Debug|Any CPU
		{F0967389-29C8-4D50-B397-9BB698F13ED6}.Net35Debug|Any CPU.Build.0 = Net35Debug|Any CPU
		{F0967389-29C8-4D50-B397-9BB698F13ED6}.Net462Debug|Any CPU.ActiveCfg = Net462Debug|Any CPU
		{F0967389-29C8-4D50-B397-9BB698F13ED6}.Net462Debug|Any CPU.Build.0 = Net462Debug|Any CPU
		{F0967389-29C8-4D50-B397-9BB698F13ED6}.Release|Any CPU.ActiveCfg = Release|Any CPU
		{F0967389-29C8-4D50-B397-9BB698F13ED6}.Release|Any CPU.Build.0 = Release|Any CPU
		{067456C0-086C-46A8-B37F-1405717B7BFC}.Debug|Any CPU.ActiveCfg = Debug|Any CPU
		{067456C0-086C-46A8-B37F-1405717B7BFC}.Debug|Any CPU.Build.0 = Debug|Any CPU
		{067456C0-086C-46A8-B37F-1405717B7BFC}.Net20Debug|Any CPU.ActiveCfg = Net20Debug|Any CPU
		{067456C0-086C-46A8-B37F-1405717B7BFC}.Net20Debug|Any CPU.Build.0 = Net20Debug|Any CPU
		{067456C0-086C-46A8-B37F-1405717B7BFC}.Net35Debug|Any CPU.ActiveCfg = Net35Debug|Any CPU
		{067456C0-086C-46A8-B37F-1405717B7BFC}.Net35Debug|Any CPU.Build.0 = Net35Debug|Any CPU
		{067456C0-086C-46A8-B37F-1405717B7BFC}.Net462Debug|Any CPU.ActiveCfg = Net462Debug|Any CPU
		{067456C0-086C-46A8-B37F-1405717B7BFC}.Net462Debug|Any CPU.Build.0 = Net462Debug|Any CPU
		{067456C0-086C-46A8-B37F-1405717B7BFC}.Release|Any CPU.ActiveCfg = Release|Any CPU
		{067456C0-086C-46A8-B37F-1405717B7BFC}.Release|Any CPU.Build.0 = Release|Any CPU
		{5FA56C72-348A-4B52-980C-EA8287E66422}.Debug|Any CPU.ActiveCfg = Debug|Any CPU
		{5FA56C72-348A-4B52-980C-EA8287E66422}.Debug|Any CPU.Build.0 = Debug|Any CPU
		{5FA56C72-348A-4B52-980C-EA8287E66422}.Net20Debug|Any CPU.ActiveCfg = Net20Debug|Any CPU
		{5FA56C72-348A-4B52-980C-EA8287E66422}.Net20Debug|Any CPU.Build.0 = Net20Debug|Any CPU
		{5FA56C72-348A-4B52-980C-EA8287E66422}.Net35Debug|Any CPU.ActiveCfg = Net35Debug|Any CPU
		{5FA56C72-348A-4B52-980C-EA8287E66422}.Net35Debug|Any CPU.Build.0 = Net35Debug|Any CPU
		{5FA56C72-348A-4B52-980C-EA8287E66422}.Net462Debug|Any CPU.ActiveCfg = Net462Debug|Any CPU
		{5FA56C72-348A-4B52-980C-EA8287E66422}.Net462Debug|Any CPU.Build.0 = Net462Debug|Any CPU
		{5FA56C72-348A-4B52-980C-EA8287E66422}.Release|Any CPU.ActiveCfg = Release|Any CPU
		{5FA56C72-348A-4B52-980C-EA8287E66422}.Release|Any CPU.Build.0 = Release|Any CPU
		{55503403-0083-4ED8-B618-F8377610B225}.Debug|Any CPU.ActiveCfg = Debug|Any CPU
		{55503403-0083-4ED8-B618-F8377610B225}.Debug|Any CPU.Build.0 = Debug|Any CPU
		{55503403-0083-4ED8-B618-F8377610B225}.Net20Debug|Any CPU.ActiveCfg = Net20Debug|Any CPU
		{55503403-0083-4ED8-B618-F8377610B225}.Net20Debug|Any CPU.Build.0 = Net20Debug|Any CPU
		{55503403-0083-4ED8-B618-F8377610B225}.Net35Debug|Any CPU.ActiveCfg = Net35Debug|Any CPU
		{55503403-0083-4ED8-B618-F8377610B225}.Net35Debug|Any CPU.Build.0 = Net35Debug|Any CPU
		{55503403-0083-4ED8-B618-F8377610B225}.Net462Debug|Any CPU.ActiveCfg = Net462Debug|Any CPU
		{55503403-0083-4ED8-B618-F8377610B225}.Net462Debug|Any CPU.Build.0 = Net462Debug|Any CPU
		{55503403-0083-4ED8-B618-F8377610B225}.Release|Any CPU.ActiveCfg = Release|Any CPU
		{55503403-0083-4ED8-B618-F8377610B225}.Release|Any CPU.Build.0 = Release|Any CPU
		{1717CD14-720F-4373-81E1-3505FCB2CF03}.Debug|Any CPU.ActiveCfg = Debug|Any CPU
		{1717CD14-720F-4373-81E1-3505FCB2CF03}.Debug|Any CPU.Build.0 = Debug|Any CPU
		{1717CD14-720F-4373-81E1-3505FCB2CF03}.Net20Debug|Any CPU.ActiveCfg = Net20Debug|Any CPU
		{1717CD14-720F-4373-81E1-3505FCB2CF03}.Net20Debug|Any CPU.Build.0 = Net20Debug|Any CPU
		{1717CD14-720F-4373-81E1-3505FCB2CF03}.Net35Debug|Any CPU.ActiveCfg = Net35Debug|Any CPU
		{1717CD14-720F-4373-81E1-3505FCB2CF03}.Net35Debug|Any CPU.Build.0 = Net35Debug|Any CPU
		{1717CD14-720F-4373-81E1-3505FCB2CF03}.Net462Debug|Any CPU.ActiveCfg = Net462Debug|Any CPU
		{1717CD14-720F-4373-81E1-3505FCB2CF03}.Net462Debug|Any CPU.Build.0 = Net462Debug|Any CPU
		{1717CD14-720F-4373-81E1-3505FCB2CF03}.Release|Any CPU.ActiveCfg = Release|Any CPU
		{1717CD14-720F-4373-81E1-3505FCB2CF03}.Release|Any CPU.Build.0 = Release|Any CPU
	EndGlobalSection
	GlobalSection(SolutionProperties) = preSolution
		HideSolutionNode = FALSE
	EndGlobalSection
EndGlobal
